
Microsoft Visual Studio Solution File, Format Version 12.00
# Visual Studio 15
VisualStudioVersion = 15.0.28307.329
MinimumVisualStudioVersion = 10.0.40219.1
Project("{FAE04EC0-301F-11D3-BF4B-00C04F79EFBC}") = "PAB", "PAB\PAB.csproj", "{5A6200D2-3E2B-49D2-AA66-C085CCD77537}"
EndProject
Global
	GlobalSection(SolutionConfigurationPlatforms) = preSolution
		Debug|Any CPU = Debug|Any CPU
		Release|Any CPU = Release|Any CPU
	EndGlobalSection
	GlobalSection(ProjectConfigurationPlatforms) = postSolution
		{5A6200D2-3E2B-49D2-AA66-C085CCD77537}.Debug|Any CPU.ActiveCfg = Debug|Any CPU
		{5A6200D2-3E2B-49D2-AA66-C085CCD77537}.Debug|Any CPU.Build.0 = Debug|Any CPU
		{5A6200D2-3E2B-49D2-AA66-C085CCD77537}.Release|Any CPU.ActiveCfg = Release|Any CPU
		{5A6200D2-3E2B-49D2-AA66-C085CCD77537}.Release|Any CPU.Build.0 = Release|Any CPU
	EndGlobalSection
	GlobalSection(SolutionProperties) = preSolution
		HideSolutionNode = FALSE
	EndGlobalSection
	GlobalSection(ExtensibilityGlobals) = postSolution
		SolutionGuid = {01FC0621-7522-422A-9693-77028311F6AB}
	EndGlobalSection
EndGlobal
